// !$*UTF8*$!
{
	archiveVersion = 1;
	classes = {
	};
	objectVersion = 51;
	objects = {

/* Begin PBXBuildFile section */
		07FEFCF06BAE984BD7119E98 /* Pods_leaders_99_project.framework in Frameworks */ = {isa = PBXBuildFile; fileRef = 5FF0AACFB159C98C9813CB01 /* Pods_leaders_99_project.framework */; };
		802E2A2DC0219502BA61174B /* Pods_leaders_99_projectTests.framework in Frameworks */ = {isa = PBXBuildFile; fileRef = 5F11DED3F8849CB4C89D338A /* Pods_leaders_99_projectTests.framework */; };
		D102D465247E82930072F9AF /* HomeViewController.swift in Sources */ = {isa = PBXBuildFile; fileRef = D102D464247E82930072F9AF /* HomeViewController.swift */; };
		D10525A72474DCF20007309A /* SignUpViewController.swift in Sources */ = {isa = PBXBuildFile; fileRef = D10525A62474DCF20007309A /* SignUpViewController.swift */; };
		D10525A9247537670007309A /* LogInViewController.swift in Sources */ = {isa = PBXBuildFile; fileRef = D10525A8247537670007309A /* LogInViewController.swift */; };
		D10B3129247FCA5300BEB8FC /* CustomTableViewCell.swift in Sources */ = {isa = PBXBuildFile; fileRef = D10B3127247FCA5300BEB8FC /* CustomTableViewCell.swift */; };
		D10B312A247FCA5300BEB8FC /* CustomTableViewCell.xib in Resources */ = {isa = PBXBuildFile; fileRef = D10B3128247FCA5300BEB8FC /* CustomTableViewCell.xib */; };
		D114B9672493F7C2003BDAD2 /* Artboard 16 copy.png in Resources */ = {isa = PBXBuildFile; fileRef = D114B9662493F7C2003BDAD2 /* Artboard 16 copy.png */; };
		D12DDF5524921A4E00FC37DE /* Artboard 11.png in Resources */ = {isa = PBXBuildFile; fileRef = D12DDF5024921A4E00FC37DE /* Artboard 11.png */; };
		D12DDF5624921A4E00FC37DE /* Artboard 4 copy.png in Resources */ = {isa = PBXBuildFile; fileRef = D12DDF5124921A4E00FC37DE /* Artboard 4 copy.png */; };
		D12DDF5724921A4E00FC37DE /* Artboard 8.png in Resources */ = {isa = PBXBuildFile; fileRef = D12DDF5224921A4E00FC37DE /* Artboard 8.png */; };
		D12DDF5824921A4E00FC37DE /* Artboard 3.png in Resources */ = {isa = PBXBuildFile; fileRef = D12DDF5324921A4E00FC37DE /* Artboard 3.png */; };
		D12DDF5924921A4E00FC37DE /* Artboard 7.png in Resources */ = {isa = PBXBuildFile; fileRef = D12DDF5424921A4E00FC37DE /* Artboard 7.png */; };
		D12DDF5E24923EC600FC37DE /* Artboard 14.png in Resources */ = {isa = PBXBuildFile; fileRef = D12DDF5A24923EC600FC37DE /* Artboard 14.png */; };
		D12DDF5F24923EC600FC37DE /* Artboard 12.png in Resources */ = {isa = PBXBuildFile; fileRef = D12DDF5B24923EC600FC37DE /* Artboard 12.png */; };
		D12DDF6024923EC600FC37DE /* Artboard 15.png in Resources */ = {isa = PBXBuildFile; fileRef = D12DDF5C24923EC600FC37DE /* Artboard 15.png */; };
		D12DDF6124923EC600FC37DE /* Artboard 13.png in Resources */ = {isa = PBXBuildFile; fileRef = D12DDF5D24923EC600FC37DE /* Artboard 13.png */; };
		D176F2DB2495DAE3005A711D /* Artboard 27.png in Resources */ = {isa = PBXBuildFile; fileRef = D176F2DA2495DAE3005A711D /* Artboard 27.png */; };
		D179B0B524790C3100654EF1 /* TableViewController.swift in Sources */ = {isa = PBXBuildFile; fileRef = D179B0B424790C3000654EF1 /* TableViewController.swift */; };
		D17EB9B724925F0C0073C3BF /* Artboard 16.png in Resources */ = {isa = PBXBuildFile; fileRef = D17EB9B624925F0C0073C3BF /* Artboard 16.png */; };
		D19DB38A2487E7C7009D78E0 /* SecondCustomTableViewCell.swift in Sources */ = {isa = PBXBuildFile; fileRef = D19DB3882487E7C7009D78E0 /* SecondCustomTableViewCell.swift */; };
		D19DB38B2487E7C7009D78E0 /* SecondCustomTableViewCell.xib in Resources */ = {isa = PBXBuildFile; fileRef = D19DB3892487E7C7009D78E0 /* SecondCustomTableViewCell.xib */; };
		D1BF2C682483D2D100916FF4 /* MessageViewController.swift in Sources */ = {isa = PBXBuildFile; fileRef = D1BF2C672483D2D100916FF4 /* MessageViewController.swift */; };
		D1E193742495298A00764328 /* Artboard 22.png in Resources */ = {isa = PBXBuildFile; fileRef = D1E193732495298A00764328 /* Artboard 22.png */; };
		D1E1937924952B3D00764328 /* Artboard 23.png in Resources */ = {isa = PBXBuildFile; fileRef = D1E1937524952B3D00764328 /* Artboard 23.png */; };
		D1E1937A24952B3D00764328 /* Artboard 24.png in Resources */ = {isa = PBXBuildFile; fileRef = D1E1937624952B3D00764328 /* Artboard 24.png */; };
		D1E1937B24952B3D00764328 /* Artboard 25.png in Resources */ = {isa = PBXBuildFile; fileRef = D1E1937724952B3D00764328 /* Artboard 25.png */; };
		D1E1937C24952B3D00764328 /* Artboard 26.png in Resources */ = {isa = PBXBuildFile; fileRef = D1E1937824952B3D00764328 /* Artboard 26.png */; };
		D1F68E612473E2B6004056EF /* AppDelegate.swift in Sources */ = {isa = PBXBuildFile; fileRef = D1F68E602473E2B6004056EF /* AppDelegate.swift */; };
		D1F68E632473E2B6004056EF /* SceneDelegate.swift in Sources */ = {isa = PBXBuildFile; fileRef = D1F68E622473E2B6004056EF /* SceneDelegate.swift */; };
		D1F68E652473E2B6004056EF /* ViewController.swift in Sources */ = {isa = PBXBuildFile; fileRef = D1F68E642473E2B6004056EF /* ViewController.swift */; };
		D1F68E682473E2B6004056EF /* Main.storyboard in Resources */ = {isa = PBXBuildFile; fileRef = D1F68E662473E2B6004056EF /* Main.storyboard */; };
		D1F68E6A2473E2B8004056EF /* Assets.xcassets in Resources */ = {isa = PBXBuildFile; fileRef = D1F68E692473E2B8004056EF /* Assets.xcassets */; };
		D1F68E6D2473E2B8004056EF /* LaunchScreen.storyboard in Resources */ = {isa = PBXBuildFile; fileRef = D1F68E6B2473E2B8004056EF /* LaunchScreen.storyboard */; };
		D1F68E782473E2B9004056EF /* leaders_99_projectTests.swift in Sources */ = {isa = PBXBuildFile; fileRef = D1F68E772473E2B9004056EF /* leaders_99_projectTests.swift */; };
		D1F68E832473E2B9004056EF /* leaders_99_projectUITests.swift in Sources */ = {isa = PBXBuildFile; fileRef = D1F68E822473E2B9004056EF /* leaders_99_projectUITests.swift */; };
		D1F68E912473E31D004056EF /* GoogleService-Info.plist in Resources */ = {isa = PBXBuildFile; fileRef = D1F68E902473E31D004056EF /* GoogleService-Info.plist */; };
		D1F68E922473E31D004056EF /* GoogleService-Info.plist in Resources */ = {isa = PBXBuildFile; fileRef = D1F68E902473E31D004056EF /* GoogleService-Info.plist */; };
		D1F68E932473E31D004056EF /* GoogleService-Info.plist in Resources */ = {isa = PBXBuildFile; fileRef = D1F68E902473E31D004056EF /* GoogleService-Info.plist */; };
		E443AB6BE4669F81FECCDBEF /* Pods_leaders_99_project_leaders_99_projectUITests.framework in Frameworks */ = {isa = PBXBuildFile; fileRef = 75BFCF4EBA643C415EFDF84C /* Pods_leaders_99_project_leaders_99_projectUITests.framework */; };
/* End PBXBuildFile section */

/* Begin PBXContainerItemProxy section */
		D1F68E742473E2B9004056EF /* PBXContainerItemProxy */ = {
			isa = PBXContainerItemProxy;
			containerPortal = D1F68E552473E2B6004056EF /* Project object */;
			proxyType = 1;
			remoteGlobalIDString = D1F68E5C2473E2B6004056EF;
			remoteInfo = leaders_99_project;
		};
		D1F68E7F2473E2B9004056EF /* PBXContainerItemProxy */ = {
			isa = PBXContainerItemProxy;
			containerPortal = D1F68E552473E2B6004056EF /* Project object */;
			proxyType = 1;
			remoteGlobalIDString = D1F68E5C2473E2B6004056EF;
			remoteInfo = leaders_99_project;
		};
/* End PBXContainerItemProxy section */

/* Begin PBXFileReference section */
		0B9DB20226CABBD7302BED45 /* Pods-leaders_99_project-leaders_99_projectUITests.release.xcconfig */ = {isa = PBXFileReference; includeInIndex = 1; lastKnownFileType = text.xcconfig; name = "Pods-leaders_99_project-leaders_99_projectUITests.release.xcconfig"; path = "Target Support Files/Pods-leaders_99_project-leaders_99_projectUITests/Pods-leaders_99_project-leaders_99_projectUITests.release.xcconfig"; sourceTree = "<group>"; };
		220A8F7387EF23382B6403DB /* Pods-leaders_99_projectTests.release.xcconfig */ = {isa = PBXFileReference; includeInIndex = 1; lastKnownFileType = text.xcconfig; name = "Pods-leaders_99_projectTests.release.xcconfig"; path = "Target Support Files/Pods-leaders_99_projectTests/Pods-leaders_99_projectTests.release.xcconfig"; sourceTree = "<group>"; };
		5F11DED3F8849CB4C89D338A /* Pods_leaders_99_projectTests.framework */ = {isa = PBXFileReference; explicitFileType = wrapper.framework; includeInIndex = 0; path = Pods_leaders_99_projectTests.framework; sourceTree = BUILT_PRODUCTS_DIR; };
		5FF0AACFB159C98C9813CB01 /* Pods_leaders_99_project.framework */ = {isa = PBXFileReference; explicitFileType = wrapper.framework; includeInIndex = 0; path = Pods_leaders_99_project.framework; sourceTree = BUILT_PRODUCTS_DIR; };
		75BFCF4EBA643C415EFDF84C /* Pods_leaders_99_project_leaders_99_projectUITests.framework */ = {isa = PBXFileReference; explicitFileType = wrapper.framework; includeInIndex = 0; path = Pods_leaders_99_project_leaders_99_projectUITests.framework; sourceTree = BUILT_PRODUCTS_DIR; };
		7754840CE17CA2749A1BE36B /* Pods-leaders_99_projectTests.debug.xcconfig */ = {isa = PBXFileReference; includeInIndex = 1; lastKnownFileType = text.xcconfig; name = "Pods-leaders_99_projectTests.debug.xcconfig"; path = "Target Support Files/Pods-leaders_99_projectTests/Pods-leaders_99_projectTests.debug.xcconfig"; sourceTree = "<group>"; };
		B2FD30C66E9D3D106BF1D988 /* Pods-leaders_99_project.debug.xcconfig */ = {isa = PBXFileReference; includeInIndex = 1; lastKnownFileType = text.xcconfig; name = "Pods-leaders_99_project.debug.xcconfig"; path = "Target Support Files/Pods-leaders_99_project/Pods-leaders_99_project.debug.xcconfig"; sourceTree = "<group>"; };
		D102D464247E82930072F9AF /* HomeViewController.swift */ = {isa = PBXFileReference; lastKnownFileType = sourcecode.swift; path = HomeViewController.swift; sourceTree = "<group>"; };
		D10525A62474DCF20007309A /* SignUpViewController.swift */ = {isa = PBXFileReference; lastKnownFileType = sourcecode.swift; path = SignUpViewController.swift; sourceTree = "<group>"; };
		D10525A8247537670007309A /* LogInViewController.swift */ = {isa = PBXFileReference; lastKnownFileType = sourcecode.swift; path = LogInViewController.swift; sourceTree = "<group>"; };
		D10B3127247FCA5300BEB8FC /* CustomTableViewCell.swift */ = {isa = PBXFileReference; lastKnownFileType = sourcecode.swift; path = CustomTableViewCell.swift; sourceTree = "<group>"; };
		D10B3128247FCA5300BEB8FC /* CustomTableViewCell.xib */ = {isa = PBXFileReference; lastKnownFileType = file.xib; path = CustomTableViewCell.xib; sourceTree = "<group>"; };
		D114B9662493F7C2003BDAD2 /* Artboard 16 copy.png */ = {isa = PBXFileReference; lastKnownFileType = image.png; path = "Artboard 16 copy.png"; sourceTree = "<group>"; };
		D12DDF5024921A4E00FC37DE /* Artboard 11.png */ = {isa = PBXFileReference; lastKnownFileType = image.png; path = "Artboard 11.png"; sourceTree = "<group>"; };
		D12DDF5124921A4E00FC37DE /* Artboard 4 copy.png */ = {isa = PBXFileReference; lastKnownFileType = image.png; path = "Artboard 4 copy.png"; sourceTree = "<group>"; };
		D12DDF5224921A4E00FC37DE /* Artboard 8.png */ = {isa = PBXFileReference; lastKnownFileType = image.png; path = "Artboard 8.png"; sourceTree = "<group>"; };
		D12DDF5324921A4E00FC37DE /* Artboard 3.png */ = {isa = PBXFileReference; lastKnownFileType = image.png; path = "Artboard 3.png"; sourceTree = "<group>"; };
		D12DDF5424921A4E00FC37DE /* Artboard 7.png */ = {isa = PBXFileReference; lastKnownFileType = image.png; path = "Artboard 7.png"; sourceTree = "<group>"; };
		D12DDF5A24923EC600FC37DE /* Artboard 14.png */ = {isa = PBXFileReference; lastKnownFileType = image.png; path = "Artboard 14.png"; sourceTree = "<group>"; };
		D12DDF5B24923EC600FC37DE /* Artboard 12.png */ = {isa = PBXFileReference; lastKnownFileType = image.png; path = "Artboard 12.png"; sourceTree = "<group>"; };
		D12DDF5C24923EC600FC37DE /* Artboard 15.png */ = {isa = PBXFileReference; lastKnownFileType = image.png; path = "Artboard 15.png"; sourceTree = "<group>"; };
		D12DDF5D24923EC600FC37DE /* Artboard 13.png */ = {isa = PBXFileReference; lastKnownFileType = image.png; path = "Artboard 13.png"; sourceTree = "<group>"; };
		D14AB25EBDC1BC674B4EDB97 /* Pods-leaders_99_project-leaders_99_projectUITests.debug.xcconfig */ = {isa = PBXFileReference; includeInIndex = 1; lastKnownFileType = text.xcconfig; name = "Pods-leaders_99_project-leaders_99_projectUITests.debug.xcconfig"; path = "Target Support Files/Pods-leaders_99_project-leaders_99_projectUITests/Pods-leaders_99_project-leaders_99_projectUITests.debug.xcconfig"; sourceTree = "<group>"; };
		D176F2DA2495DAE3005A711D /* Artboard 27.png */ = {isa = PBXFileReference; lastKnownFileType = image.png; path = "Artboard 27.png"; sourceTree = "<group>"; };
		D179B0B424790C3000654EF1 /* TableViewController.swift */ = {isa = PBXFileReference; lastKnownFileType = sourcecode.swift; path = TableViewController.swift; sourceTree = "<group>"; };
		D17EB9B624925F0C0073C3BF /* Artboard 16.png */ = {isa = PBXFileReference; lastKnownFileType = image.png; path = "Artboard 16.png"; sourceTree = "<group>"; };
		D19DB3882487E7C7009D78E0 /* SecondCustomTableViewCell.swift */ = {isa = PBXFileReference; lastKnownFileType = sourcecode.swift; path = SecondCustomTableViewCell.swift; sourceTree = "<group>"; };
		D19DB3892487E7C7009D78E0 /* SecondCustomTableViewCell.xib */ = {isa = PBXFileReference; lastKnownFileType = file.xib; path = SecondCustomTableViewCell.xib; sourceTree = "<group>"; };
		D1BF2C672483D2D100916FF4 /* MessageViewController.swift */ = {isa = PBXFileReference; lastKnownFileType = sourcecode.swift; path = MessageViewController.swift; sourceTree = "<group>"; };
		D1E193732495298A00764328 /* Artboard 22.png */ = {isa = PBXFileReference; lastKnownFileType = image.png; path = "Artboard 22.png"; sourceTree = "<group>"; };
		D1E1937524952B3D00764328 /* Artboard 23.png */ = {isa = PBXFileReference; lastKnownFileType = image.png; path = "Artboard 23.png"; sourceTree = "<group>"; };
		D1E1937624952B3D00764328 /* Artboard 24.png */ = {isa = PBXFileReference; lastKnownFileType = image.png; path = "Artboard 24.png"; sourceTree = "<group>"; };
		D1E1937724952B3D00764328 /* Artboard 25.png */ = {isa = PBXFileReference; lastKnownFileType = image.png; path = "Artboard 25.png"; sourceTree = "<group>"; };
		D1E1937824952B3D00764328 /* Artboard 26.png */ = {isa = PBXFileReference; lastKnownFileType = image.png; path = "Artboard 26.png"; sourceTree = "<group>"; };
		D1F68E5D2473E2B6004056EF /* leaders_99_project.app */ = {isa = PBXFileReference; explicitFileType = wrapper.application; includeInIndex = 0; path = leaders_99_project.app; sourceTree = BUILT_PRODUCTS_DIR; };
		D1F68E602473E2B6004056EF /* AppDelegate.swift */ = {isa = PBXFileReference; lastKnownFileType = sourcecode.swift; path = AppDelegate.swift; sourceTree = "<group>"; };
		D1F68E622473E2B6004056EF /* SceneDelegate.swift */ = {isa = PBXFileReference; lastKnownFileType = sourcecode.swift; path = SceneDelegate.swift; sourceTree = "<group>"; };
		D1F68E642473E2B6004056EF /* ViewController.swift */ = {isa = PBXFileReference; lastKnownFileType = sourcecode.swift; path = ViewController.swift; sourceTree = "<group>"; };
		D1F68E672473E2B6004056EF /* Base */ = {isa = PBXFileReference; lastKnownFileType = file.storyboard; name = Base; path = Base.lproj/Main.storyboard; sourceTree = "<group>"; };
		D1F68E692473E2B8004056EF /* Assets.xcassets */ = {isa = PBXFileReference; lastKnownFileType = folder.assetcatalog; path = Assets.xcassets; sourceTree = "<group>"; };
		D1F68E6C2473E2B8004056EF /* Base */ = {isa = PBXFileReference; lastKnownFileType = file.storyboard; name = Base; path = Base.lproj/LaunchScreen.storyboard; sourceTree = "<group>"; };
		D1F68E6E2473E2B8004056EF /* Info.plist */ = {isa = PBXFileReference; lastKnownFileType = text.plist.xml; path = Info.plist; sourceTree = "<group>"; };
		D1F68E732473E2B9004056EF /* leaders_99_projectTests.xctest */ = {isa = PBXFileReference; explicitFileType = wrapper.cfbundle; includeInIndex = 0; path = leaders_99_projectTests.xctest; sourceTree = BUILT_PRODUCTS_DIR; };
		D1F68E772473E2B9004056EF /* leaders_99_projectTests.swift */ = {isa = PBXFileReference; lastKnownFileType = sourcecode.swift; path = leaders_99_projectTests.swift; sourceTree = "<group>"; };
		D1F68E792473E2B9004056EF /* Info.plist */ = {isa = PBXFileReference; lastKnownFileType = text.plist.xml; path = Info.plist; sourceTree = "<group>"; };
		D1F68E7E2473E2B9004056EF /* leaders_99_projectUITests.xctest */ = {isa = PBXFileReference; explicitFileType = wrapper.cfbundle; includeInIndex = 0; path = leaders_99_projectUITests.xctest; sourceTree = BUILT_PRODUCTS_DIR; };
		D1F68E822473E2B9004056EF /* leaders_99_projectUITests.swift */ = {isa = PBXFileReference; lastKnownFileType = sourcecode.swift; path = leaders_99_projectUITests.swift; sourceTree = "<group>"; };
		D1F68E842473E2B9004056EF /* Info.plist */ = {isa = PBXFileReference; lastKnownFileType = text.plist.xml; path = Info.plist; sourceTree = "<group>"; };
		D1F68E902473E31D004056EF /* GoogleService-Info.plist */ = {isa = PBXFileReference; fileEncoding = 4; lastKnownFileType = text.plist.xml; path = "GoogleService-Info.plist"; sourceTree = "<group>"; };
		E47C7A84DE3A22396D227699 /* Pods-leaders_99_project.release.xcconfig */ = {isa = PBXFileReference; includeInIndex = 1; lastKnownFileType = text.xcconfig; name = "Pods-leaders_99_project.release.xcconfig"; path = "Target Support Files/Pods-leaders_99_project/Pods-leaders_99_project.release.xcconfig"; sourceTree = "<group>"; };
/* End PBXFileReference section */

/* Begin PBXFrameworksBuildPhase section */
		D1F68E5A2473E2B6004056EF /* Frameworks */ = {
			isa = PBXFrameworksBuildPhase;
			buildActionMask = 2147483647;
			files = (
				07FEFCF06BAE984BD7119E98 /* Pods_leaders_99_project.framework in Frameworks */,
			);
			runOnlyForDeploymentPostprocessing = 0;
		};
		D1F68E702473E2B9004056EF /* Frameworks */ = {
			isa = PBXFrameworksBuildPhase;
			buildActionMask = 2147483647;
			files = (
				802E2A2DC0219502BA61174B /* Pods_leaders_99_projectTests.framework in Frameworks */,
			);
			runOnlyForDeploymentPostprocessing = 0;
		};
		D1F68E7B2473E2B9004056EF /* Frameworks */ = {
			isa = PBXFrameworksBuildPhase;
			buildActionMask = 2147483647;
			files = (
				E443AB6BE4669F81FECCDBEF /* Pods_leaders_99_project_leaders_99_projectUITests.framework in Frameworks */,
			);
			runOnlyForDeploymentPostprocessing = 0;
		};
/* End PBXFrameworksBuildPhase section */

/* Begin PBXGroup section */
		1CC70743E736309ADED1ABBA /* Pods */ = {
			isa = PBXGroup;
			children = (
				B2FD30C66E9D3D106BF1D988 /* Pods-leaders_99_project.debug.xcconfig */,
				E47C7A84DE3A22396D227699 /* Pods-leaders_99_project.release.xcconfig */,
				D14AB25EBDC1BC674B4EDB97 /* Pods-leaders_99_project-leaders_99_projectUITests.debug.xcconfig */,
				0B9DB20226CABBD7302BED45 /* Pods-leaders_99_project-leaders_99_projectUITests.release.xcconfig */,
				7754840CE17CA2749A1BE36B /* Pods-leaders_99_projectTests.debug.xcconfig */,
				220A8F7387EF23382B6403DB /* Pods-leaders_99_projectTests.release.xcconfig */,
			);
			path = Pods;
			sourceTree = "<group>";
		};
		35AF3CB00035C8E7CFD5668B /* Frameworks */ = {
			isa = PBXGroup;
			children = (
				5FF0AACFB159C98C9813CB01 /* Pods_leaders_99_project.framework */,
				75BFCF4EBA643C415EFDF84C /* Pods_leaders_99_project_leaders_99_projectUITests.framework */,
				5F11DED3F8849CB4C89D338A /* Pods_leaders_99_projectTests.framework */,
			);
			name = Frameworks;
			sourceTree = "<group>";
		};
		D12DDF4F24921A4E00FC37DE /* Assets */ = {
			isa = PBXGroup;
			children = (
				D12DDF5024921A4E00FC37DE /* Artboard 11.png */,
				D12DDF5124921A4E00FC37DE /* Artboard 4 copy.png */,
				D12DDF5224921A4E00FC37DE /* Artboard 8.png */,
				D12DDF5324921A4E00FC37DE /* Artboard 3.png */,
				D12DDF5424921A4E00FC37DE /* Artboard 7.png */,
				D12DDF5B24923EC600FC37DE /* Artboard 12.png */,
				D12DDF5D24923EC600FC37DE /* Artboard 13.png */,
				D12DDF5A24923EC600FC37DE /* Artboard 14.png */,
				D17EB9B624925F0C0073C3BF /* Artboard 16.png */,
				D114B9662493F7C2003BDAD2 /* Artboard 16 copy.png */,
				D12DDF5C24923EC600FC37DE /* Artboard 15.png */,
				D1E193732495298A00764328 /* Artboard 22.png */,
				D1E1937524952B3D00764328 /* Artboard 23.png */,
				D1E1937624952B3D00764328 /* Artboard 24.png */,
				D1E1937724952B3D00764328 /* Artboard 25.png */,
				D1E1937824952B3D00764328 /* Artboard 26.png */,
				D176F2DA2495DAE3005A711D /* Artboard 27.png */,
			);
			path = Assets;
			sourceTree = "<group>";
		};
		D1F68E542473E2B6004056EF = {
			isa = PBXGroup;
			children = (
				D1F68E5F2473E2B6004056EF /* leaders_99_project */,
				D12DDF4F24921A4E00FC37DE /* Assets */,
				D1F68E762473E2B9004056EF /* leaders_99_projectTests */,
				D1F68E812473E2B9004056EF /* leaders_99_projectUITests */,
				D1F68E5E2473E2B6004056EF /* Products */,
				1CC70743E736309ADED1ABBA /* Pods */,
				35AF3CB00035C8E7CFD5668B /* Frameworks */,
			);
			sourceTree = "<group>";
		};
		D1F68E5E2473E2B6004056EF /* Products */ = {
			isa = PBXGroup;
			children = (
				D1F68E5D2473E2B6004056EF /* leaders_99_project.app */,
				D1F68E732473E2B9004056EF /* leaders_99_projectTests.xctest */,
				D1F68E7E2473E2B9004056EF /* leaders_99_projectUITests.xctest */,
			);
			name = Products;
			sourceTree = "<group>";
		};
		D1F68E5F2473E2B6004056EF /* leaders_99_project */ = {
			isa = PBXGroup;
			children = (
				D1F68E602473E2B6004056EF /* AppDelegate.swift */,
				D1F68E622473E2B6004056EF /* SceneDelegate.swift */,
				D102D464247E82930072F9AF /* HomeViewController.swift */,
				D1F68E642473E2B6004056EF /* ViewController.swift */,
				D10525A62474DCF20007309A /* SignUpViewController.swift */,
				D10525A8247537670007309A /* LogInViewController.swift */,
				D179B0B424790C3000654EF1 /* TableViewController.swift */,
				D1BF2C672483D2D100916FF4 /* MessageViewController.swift */,
				D1F68E662473E2B6004056EF /* Main.storyboard */,
				D1F68E6B2473E2B8004056EF /* LaunchScreen.storyboard */,
				D1F68E692473E2B8004056EF /* Assets.xcassets */,
				D1F68E6E2473E2B8004056EF /* Info.plist */,
				D1F68E902473E31D004056EF /* GoogleService-Info.plist */,
				D10B3127247FCA5300BEB8FC /* CustomTableViewCell.swift */,
				D10B3128247FCA5300BEB8FC /* CustomTableViewCell.xib */,
				D19DB3882487E7C7009D78E0 /* SecondCustomTableViewCell.swift */,
				D19DB3892487E7C7009D78E0 /* SecondCustomTableViewCell.xib */,
			);
			path = leaders_99_project;
			sourceTree = "<group>";
		};
		D1F68E762473E2B9004056EF /* leaders_99_projectTests */ = {
			isa = PBXGroup;
			children = (
				D1F68E772473E2B9004056EF /* leaders_99_projectTests.swift */,
				D1F68E792473E2B9004056EF /* Info.plist */,
			);
			path = leaders_99_projectTests;
			sourceTree = "<group>";
		};
		D1F68E812473E2B9004056EF /* leaders_99_projectUITests */ = {
			isa = PBXGroup;
			children = (
				D1F68E822473E2B9004056EF /* leaders_99_projectUITests.swift */,
				D1F68E842473E2B9004056EF /* Info.plist */,
			);
			path = leaders_99_projectUITests;
			sourceTree = "<group>";
		};
/* End PBXGroup section */

/* Begin PBXNativeTarget section */
		D1F68E5C2473E2B6004056EF /* leaders_99_project */ = {
			isa = PBXNativeTarget;
			buildConfigurationList = D1F68E872473E2B9004056EF /* Build configuration list for PBXNativeTarget "leaders_99_project" */;
			buildPhases = (
				75B53E5E8D6CE2C2F5288CFB /* [CP] Check Pods Manifest.lock */,
				D1F68E592473E2B6004056EF /* Sources */,
				D1F68E5A2473E2B6004056EF /* Frameworks */,
				D1F68E5B2473E2B6004056EF /* Resources */,
				E50FCBB5B5528F709A3447AD /* [CP] Embed Pods Frameworks */,
			);
			buildRules = (
			);
			dependencies = (
			);
			name = leaders_99_project;
			productName = leaders_99_project;
			productReference = D1F68E5D2473E2B6004056EF /* leaders_99_project.app */;
			productType = "com.apple.product-type.application";
		};
		D1F68E722473E2B9004056EF /* leaders_99_projectTests */ = {
			isa = PBXNativeTarget;
			buildConfigurationList = D1F68E8A2473E2B9004056EF /* Build configuration list for PBXNativeTarget "leaders_99_projectTests" */;
			buildPhases = (
				058F5319B066A823B4BEC3D7 /* [CP] Check Pods Manifest.lock */,
				D1F68E6F2473E2B9004056EF /* Sources */,
				D1F68E702473E2B9004056EF /* Frameworks */,
				D1F68E712473E2B9004056EF /* Resources */,
			);
			buildRules = (
			);
			dependencies = (
				D1F68E752473E2B9004056EF /* PBXTargetDependency */,
			);
			name = leaders_99_projectTests;
			productName = leaders_99_projectTests;
			productReference = D1F68E732473E2B9004056EF /* leaders_99_projectTests.xctest */;
			productType = "com.apple.product-type.bundle.unit-test";
		};
		D1F68E7D2473E2B9004056EF /* leaders_99_projectUITests */ = {
			isa = PBXNativeTarget;
			buildConfigurationList = D1F68E8D2473E2B9004056EF /* Build configuration list for PBXNativeTarget "leaders_99_projectUITests" */;
			buildPhases = (
				861E54E1DBE3E80A4518C465 /* [CP] Check Pods Manifest.lock */,
				D1F68E7A2473E2B9004056EF /* Sources */,
				D1F68E7B2473E2B9004056EF /* Frameworks */,
				D1F68E7C2473E2B9004056EF /* Resources */,
				70EFC9FAA26FBFC1C6BE3807 /* [CP] Embed Pods Frameworks */,
			);
			buildRules = (
			);
			dependencies = (
				D1F68E802473E2B9004056EF /* PBXTargetDependency */,
			);
			name = leaders_99_projectUITests;
			productName = leaders_99_projectUITests;
			productReference = D1F68E7E2473E2B9004056EF /* leaders_99_projectUITests.xctest */;
			productType = "com.apple.product-type.bundle.ui-testing";
		};
/* End PBXNativeTarget section */

/* Begin PBXProject section */
		D1F68E552473E2B6004056EF /* Project object */ = {
			isa = PBXProject;
			attributes = {
				LastSwiftUpdateCheck = 1140;
				LastUpgradeCheck = 1140;
				ORGANIZATIONNAME = "Yoshinori Shibahara";
				TargetAttributes = {
					D1F68E5C2473E2B6004056EF = {
						CreatedOnToolsVersion = 11.4.1;
					};
					D1F68E722473E2B9004056EF = {
						CreatedOnToolsVersion = 11.4.1;
						TestTargetID = D1F68E5C2473E2B6004056EF;
					};
					D1F68E7D2473E2B9004056EF = {
						CreatedOnToolsVersion = 11.4.1;
						TestTargetID = D1F68E5C2473E2B6004056EF;
					};
				};
			};
			buildConfigurationList = D1F68E582473E2B6004056EF /* Build configuration list for PBXProject "leaders_99_project" */;
			compatibilityVersion = "Xcode 9.3";
			developmentRegion = en;
			hasScannedForEncodings = 0;
			knownRegions = (
				en,
				Base,
			);
			mainGroup = D1F68E542473E2B6004056EF;
			productRefGroup = D1F68E5E2473E2B6004056EF /* Products */;
			projectDirPath = "";
			projectRoot = "";
			targets = (
				D1F68E5C2473E2B6004056EF /* leaders_99_project */,
				D1F68E722473E2B9004056EF /* leaders_99_projectTests */,
				D1F68E7D2473E2B9004056EF /* leaders_99_projectUITests */,
			);
		};
/* End PBXProject section */

/* Begin PBXResourcesBuildPhase section */
		D1F68E5B2473E2B6004056EF /* Resources */ = {
			isa = PBXResourcesBuildPhase;
			buildActionMask = 2147483647;
			files = (
				D19DB38B2487E7C7009D78E0 /* SecondCustomTableViewCell.xib in Resources */,
				D12DDF5F24923EC600FC37DE /* Artboard 12.png in Resources */,
				D1F68E6D2473E2B8004056EF /* LaunchScreen.storyboard in Resources */,
				D1E1937A24952B3D00764328 /* Artboard 24.png in Resources */,
				D1E1937924952B3D00764328 /* Artboard 23.png in Resources */,
				D176F2DB2495DAE3005A711D /* Artboard 27.png in Resources */,
				D1F68E912473E31D004056EF /* GoogleService-Info.plist in Resources */,
				D12DDF5524921A4E00FC37DE /* Artboard 11.png in Resources */,
				D1E1937C24952B3D00764328 /* Artboard 26.png in Resources */,
				D12DDF6024923EC600FC37DE /* Artboard 15.png in Resources */,
				D12DDF6124923EC600FC37DE /* Artboard 13.png in Resources */,
				D12DDF5624921A4E00FC37DE /* Artboard 4 copy.png in Resources */,
				D17EB9B724925F0C0073C3BF /* Artboard 16.png in Resources */,
				D1E193742495298A00764328 /* Artboard 22.png in Resources */,
				D1F68E6A2473E2B8004056EF /* Assets.xcassets in Resources */,
				D12DDF5E24923EC600FC37DE /* Artboard 14.png in Resources */,
				D10B312A247FCA5300BEB8FC /* CustomTableViewCell.xib in Resources */,
				D12DDF5924921A4E00FC37DE /* Artboard 7.png in Resources */,
				D12DDF5824921A4E00FC37DE /* Artboard 3.png in Resources */,
				D12DDF5724921A4E00FC37DE /* Artboard 8.png in Resources */,
				D1E1937B24952B3D00764328 /* Artboard 25.png in Resources */,
				D114B9672493F7C2003BDAD2 /* Artboard 16 copy.png in Resources */,
				D1F68E682473E2B6004056EF /* Main.storyboard in Resources */,
			);
			runOnlyForDeploymentPostprocessing = 0;
		};
		D1F68E712473E2B9004056EF /* Resources */ = {
			isa = PBXResourcesBuildPhase;
			buildActionMask = 2147483647;
			files = (
				D1F68E922473E31D004056EF /* GoogleService-Info.plist in Resources */,
			);
			runOnlyForDeploymentPostprocessing = 0;
		};
		D1F68E7C2473E2B9004056EF /* Resources */ = {
			isa = PBXResourcesBuildPhase;
			buildActionMask = 2147483647;
			files = (
				D1F68E932473E31D004056EF /* GoogleService-Info.plist in Resources */,
			);
			runOnlyForDeploymentPostprocessing = 0;
		};
/* End PBXResourcesBuildPhase section */

/* Begin PBXShellScriptBuildPhase section */
		058F5319B066A823B4BEC3D7 /* [CP] Check Pods Manifest.lock */ = {
			isa = PBXShellScriptBuildPhase;
			buildActionMask = 2147483647;
			files = (
			);
			inputFileListPaths = (
			);
			inputPaths = (
				"${PODS_PODFILE_DIR_PATH}/Podfile.lock",
				"${PODS_ROOT}/Manifest.lock",
			);
			name = "[CP] Check Pods Manifest.lock";
			outputFileListPaths = (
			);
			outputPaths = (
				"$(DERIVED_FILE_DIR)/Pods-leaders_99_projectTests-checkManifestLockResult.txt",
			);
			runOnlyForDeploymentPostprocessing = 0;
			shellPath = /bin/sh;
			shellScript = "diff \"${PODS_PODFILE_DIR_PATH}/Podfile.lock\" \"${PODS_ROOT}/Manifest.lock\" > /dev/null\nif [ $? != 0 ] ; then\n    # print error to STDERR\n    echo \"error: The sandbox is not in sync with the Podfile.lock. Run 'pod install' or update your CocoaPods installation.\" >&2\n    exit 1\nfi\n# This output is used by Xcode 'outputs' to avoid re-running this script phase.\necho \"SUCCESS\" > \"${SCRIPT_OUTPUT_FILE_0}\"\n";
			showEnvVarsInLog = 0;
		};
		70EFC9FAA26FBFC1C6BE3807 /* [CP] Embed Pods Frameworks */ = {
			isa = PBXShellScriptBuildPhase;
			buildActionMask = 2147483647;
			files = (
			);
			inputFileListPaths = (
				"${PODS_ROOT}/Target Support Files/Pods-leaders_99_project-leaders_99_projectUITests/Pods-leaders_99_project-leaders_99_projectUITests-frameworks-${CONFIGURATION}-input-files.xcfilelist",
			);
			name = "[CP] Embed Pods Frameworks";
			outputFileListPaths = (
				"${PODS_ROOT}/Target Support Files/Pods-leaders_99_project-leaders_99_projectUITests/Pods-leaders_99_project-leaders_99_projectUITests-frameworks-${CONFIGURATION}-output-files.xcfilelist",
			);
			runOnlyForDeploymentPostprocessing = 0;
			shellPath = /bin/sh;
			shellScript = "\"${PODS_ROOT}/Target Support Files/Pods-leaders_99_project-leaders_99_projectUITests/Pods-leaders_99_project-leaders_99_projectUITests-frameworks.sh\"\n";
			showEnvVarsInLog = 0;
		};
		75B53E5E8D6CE2C2F5288CFB /* [CP] Check Pods Manifest.lock */ = {
			isa = PBXShellScriptBuildPhase;
			buildActionMask = 2147483647;
			files = (
			);
			inputFileListPaths = (
			);
			inputPaths = (
				"${PODS_PODFILE_DIR_PATH}/Podfile.lock",
				"${PODS_ROOT}/Manifest.lock",
			);
			name = "[CP] Check Pods Manifest.lock";
			outputFileListPaths = (
			);
			outputPaths = (
				"$(DERIVED_FILE_DIR)/Pods-leaders_99_project-checkManifestLockResult.txt",
			);
			runOnlyForDeploymentPostprocessing = 0;
			shellPath = /bin/sh;
			shellScript = "diff \"${PODS_PODFILE_DIR_PATH}/Podfile.lock\" \"${PODS_ROOT}/Manifest.lock\" > /dev/null\nif [ $? != 0 ] ; then\n    # print error to STDERR\n    echo \"error: The sandbox is not in sync with the Podfile.lock. Run 'pod install' or update your CocoaPods installation.\" >&2\n    exit 1\nfi\n# This output is used by Xcode 'outputs' to avoid re-running this script phase.\necho \"SUCCESS\" > \"${SCRIPT_OUTPUT_FILE_0}\"\n";
			showEnvVarsInLog = 0;
		};
		861E54E1DBE3E80A4518C465 /* [CP] Check Pods Manifest.lock */ = {
			isa = PBXShellScriptBuildPhase;
			buildActionMask = 2147483647;
			files = (
			);
			inputFileListPaths = (
			);
			inputPaths = (
				"${PODS_PODFILE_DIR_PATH}/Podfile.lock",
				"${PODS_ROOT}/Manifest.lock",
			);
			name = "[CP] Check Pods Manifest.lock";
			outputFileListPaths = (
			);
			outputPaths = (
				"$(DERIVED_FILE_DIR)/Pods-leaders_99_project-leaders_99_projectUITests-checkManifestLockResult.txt",
			);
			runOnlyForDeploymentPostprocessing = 0;
			shellPath = /bin/sh;
			shellScript = "diff \"${PODS_PODFILE_DIR_PATH}/Podfile.lock\" \"${PODS_ROOT}/Manifest.lock\" > /dev/null\nif [ $? != 0 ] ; then\n    # print error to STDERR\n    echo \"error: The sandbox is not in sync with the Podfile.lock. Run 'pod install' or update your CocoaPods installation.\" >&2\n    exit 1\nfi\n# This output is used by Xcode 'outputs' to avoid re-running this script phase.\necho \"SUCCESS\" > \"${SCRIPT_OUTPUT_FILE_0}\"\n";
			showEnvVarsInLog = 0;
		};
		E50FCBB5B5528F709A3447AD /* [CP] Embed Pods Frameworks */ = {
			isa = PBXShellScriptBuildPhase;
			buildActionMask = 2147483647;
			files = (
			);
			inputFileListPaths = (
				"${PODS_ROOT}/Target Support Files/Pods-leaders_99_project/Pods-leaders_99_project-frameworks-${CONFIGURATION}-input-files.xcfilelist",
			);
			name = "[CP] Embed Pods Frameworks";
			outputFileListPaths = (
				"${PODS_ROOT}/Target Support Files/Pods-leaders_99_project/Pods-leaders_99_project-frameworks-${CONFIGURATION}-output-files.xcfilelist",
			);
			runOnlyForDeploymentPostprocessing = 0;
			shellPath = /bin/sh;
			shellScript = "\"${PODS_ROOT}/Target Support Files/Pods-leaders_99_project/Pods-leaders_99_project-frameworks.sh\"\n";
			showEnvVarsInLog = 0;
		};
/* End PBXShellScriptBuildPhase section */

/* Begin PBXSourcesBuildPhase section */
		D1F68E592473E2B6004056EF /* Sources */ = {
			isa = PBXSourcesBuildPhase;
			buildActionMask = 2147483647;
			files = (
				D19DB38A2487E7C7009D78E0 /* SecondCustomTableViewCell.swift in Sources */,
				D1F68E652473E2B6004056EF /* ViewController.swift in Sources */,
				D1BF2C682483D2D100916FF4 /* MessageViewController.swift in Sources */,
				D179B0B524790C3100654EF1 /* TableViewController.swift in Sources */,
				D10B3129247FCA5300BEB8FC /* CustomTableViewCell.swift in Sources */,
				D1F68E612473E2B6004056EF /* AppDelegate.swift in Sources */,
				D10525A72474DCF20007309A /* SignUpViewController.swift in Sources */,
				D10525A9247537670007309A /* LogInViewController.swift in Sources */,
				D102D465247E82930072F9AF /* HomeViewController.swift in Sources */,
				D1F68E632473E2B6004056EF /* SceneDelegate.swift in Sources */,
			);
			runOnlyForDeploymentPostprocessing = 0;
		};
		D1F68E6F2473E2B9004056EF /* Sources */ = {
			isa = PBXSourcesBuildPhase;
			buildActionMask = 2147483647;
			files = (
				D1F68E782473E2B9004056EF /* leaders_99_projectTests.swift in Sources */,
			);
			runOnlyForDeploymentPostprocessing = 0;
		};
		D1F68E7A2473E2B9004056EF /* Sources */ = {
			isa = PBXSourcesBuildPhase;
			buildActionMask = 2147483647;
			files = (
				D1F68E832473E2B9004056EF /* leaders_99_projectUITests.swift in Sources */,
			);
			runOnlyForDeploymentPostprocessing = 0;
		};
/* End PBXSourcesBuildPhase section */

/* Begin PBXTargetDependency section */
		D1F68E752473E2B9004056EF /* PBXTargetDependency */ = {
			isa = PBXTargetDependency;
			target = D1F68E5C2473E2B6004056EF /* leaders_99_project */;
			targetProxy = D1F68E742473E2B9004056EF /* PBXContainerItemProxy */;
		};
		D1F68E802473E2B9004056EF /* PBXTargetDependency */ = {
			isa = PBXTargetDependency;
			target = D1F68E5C2473E2B6004056EF /* leaders_99_project */;
			targetProxy = D1F68E7F2473E2B9004056EF /* PBXContainerItemProxy */;
		};
/* End PBXTargetDependency section */

/* Begin PBXVariantGroup section */
		D1F68E662473E2B6004056EF /* Main.storyboard */ = {
			isa = PBXVariantGroup;
			children = (
				D1F68E672473E2B6004056EF /* Base */,
			);
			name = Main.storyboard;
			sourceTree = "<group>";
		};
		D1F68E6B2473E2B8004056EF /* LaunchScreen.storyboard */ = {
			isa = PBXVariantGroup;
			children = (
				D1F68E6C2473E2B8004056EF /* Base */,
			);
			name = LaunchScreen.storyboard;
			sourceTree = "<group>";
		};
/* End PBXVariantGroup section */

/* Begin XCBuildConfiguration section */
		D1F68E852473E2B9004056EF /* Debug */ = {
			isa = XCBuildConfiguration;
			buildSettings = {
				ALWAYS_SEARCH_USER_PATHS = NO;
				CLANG_ANALYZER_NONNULL = YES;
				CLANG_ANALYZER_NUMBER_OBJECT_CONVERSION = YES_AGGRESSIVE;
				CLANG_CXX_LANGUAGE_STANDARD = "gnu++14";
				CLANG_CXX_LIBRARY = "libc++";
				CLANG_ENABLE_MODULES = YES;
				CLANG_ENABLE_OBJC_ARC = YES;
				CLANG_ENABLE_OBJC_WEAK = YES;
				CLANG_WARN_BLOCK_CAPTURE_AUTORELEASING = YES;
				CLANG_WARN_BOOL_CONVERSION = YES;
				CLANG_WARN_COMMA = YES;
				CLANG_WARN_CONSTANT_CONVERSION = YES;
				CLANG_WARN_DEPRECATED_OBJC_IMPLEMENTATIONS = YES;
				CLANG_WARN_DIRECT_OBJC_ISA_USAGE = YES_ERROR;
				CLANG_WARN_DOCUMENTATION_COMMENTS = YES;
				CLANG_WARN_EMPTY_BODY = YES;
				CLANG_WARN_ENUM_CONVERSION = YES;
				CLANG_WARN_INFINITE_RECURSION = YES;
				CLANG_WARN_INT_CONVERSION = YES;
				CLANG_WARN_NON_LITERAL_NULL_CONVERSION = YES;
				CLANG_WARN_OBJC_IMPLICIT_RETAIN_SELF = YES;
				CLANG_WARN_OBJC_LITERAL_CONVERSION = YES;
				CLANG_WARN_OBJC_ROOT_CLASS = YES_ERROR;
				CLANG_WARN_RANGE_LOOP_ANALYSIS = YES;
				CLANG_WARN_STRICT_PROTOTYPES = YES;
				CLANG_WARN_SUSPICIOUS_MOVE = YES;
				CLANG_WARN_UNGUARDED_AVAILABILITY = YES_AGGRESSIVE;
				CLANG_WARN_UNREACHABLE_CODE = YES;
				CLANG_WARN__DUPLICATE_METHOD_MATCH = YES;
				COPY_PHASE_STRIP = NO;
				DEBUG_INFORMATION_FORMAT = dwarf;
				ENABLE_STRICT_OBJC_MSGSEND = YES;
				ENABLE_TESTABILITY = YES;
				GCC_C_LANGUAGE_STANDARD = gnu11;
				GCC_DYNAMIC_NO_PIC = NO;
				GCC_NO_COMMON_BLOCKS = YES;
				GCC_OPTIMIZATION_LEVEL = 0;
				GCC_PREPROCESSOR_DEFINITIONS = (
					"DEBUG=1",
					"$(inherited)",
				);
				GCC_WARN_64_TO_32_BIT_CONVERSION = YES;
				GCC_WARN_ABOUT_RETURN_TYPE = YES_ERROR;
				GCC_WARN_UNDECLARED_SELECTOR = YES;
				GCC_WARN_UNINITIALIZED_AUTOS = YES_AGGRESSIVE;
				GCC_WARN_UNUSED_FUNCTION = YES;
				GCC_WARN_UNUSED_VARIABLE = YES;
				IPHONEOS_DEPLOYMENT_TARGET = 13.4;
				MTL_ENABLE_DEBUG_INFO = INCLUDE_SOURCE;
				MTL_FAST_MATH = YES;
				ONLY_ACTIVE_ARCH = YES;
				SDKROOT = iphoneos;
				SWIFT_ACTIVE_COMPILATION_CONDITIONS = DEBUG;
				SWIFT_OPTIMIZATION_LEVEL = "-Onone";
			};
			name = Debug;
		};
		D1F68E862473E2B9004056EF /* Release */ = {
			isa = XCBuildConfiguration;
			buildSettings = {
				ALWAYS_SEARCH_USER_PATHS = NO;
				CLANG_ANALYZER_NONNULL = YES;
				CLANG_ANALYZER_NUMBER_OBJECT_CONVERSION = YES_AGGRESSIVE;
				CLANG_CXX_LANGUAGE_STANDARD = "gnu++14";
				CLANG_CXX_LIBRARY = "libc++";
				CLANG_ENABLE_MODULES = YES;
				CLANG_ENABLE_OBJC_ARC = YES;
				CLANG_ENABLE_OBJC_WEAK = YES;
				CLANG_WARN_BLOCK_CAPTURE_AUTORELEASING = YES;
				CLANG_WARN_BOOL_CONVERSION = YES;
				CLANG_WARN_COMMA = YES;
				CLANG_WARN_CONSTANT_CONVERSION = YES;
				CLANG_WARN_DEPRECATED_OBJC_IMPLEMENTATIONS = YES;
				CLANG_WARN_DIRECT_OBJC_ISA_USAGE = YES_ERROR;
				CLANG_WARN_DOCUMENTATION_COMMENTS = YES;
				CLANG_WARN_EMPTY_BODY = YES;
				CLANG_WARN_ENUM_CONVERSION = YES;
				CLANG_WARN_INFINITE_RECURSION = YES;
				CLANG_WARN_INT_CONVERSION = YES;
				CLANG_WARN_NON_LITERAL_NULL_CONVERSION = YES;
				CLANG_WARN_OBJC_IMPLICIT_RETAIN_SELF = YES;
				CLANG_WARN_OBJC_LITERAL_CONVERSION = YES;
				CLANG_WARN_OBJC_ROOT_CLASS = YES_ERROR;
				CLANG_WARN_RANGE_LOOP_ANALYSIS = YES;
				CLANG_WARN_STRICT_PROTOTYPES = YES;
				CLANG_WARN_SUSPICIOUS_MOVE = YES;
				CLANG_WARN_UNGUARDED_AVAILABILITY = YES_AGGRESSIVE;
				CLANG_WARN_UNREACHABLE_CODE = YES;
				CLANG_WARN__DUPLICATE_METHOD_MATCH = YES;
				COPY_PHASE_STRIP = NO;
				DEBUG_INFORMATION_FORMAT = "dwarf-with-dsym";
				ENABLE_NS_ASSERTIONS = NO;
				ENABLE_STRICT_OBJC_MSGSEND = YES;
				GCC_C_LANGUAGE_STANDARD = gnu11;
				GCC_NO_COMMON_BLOCKS = YES;
				GCC_WARN_64_TO_32_BIT_CONVERSION = YES;
				GCC_WARN_ABOUT_RETURN_TYPE = YES_ERROR;
				GCC_WARN_UNDECLARED_SELECTOR = YES;
				GCC_WARN_UNINITIALIZED_AUTOS = YES_AGGRESSIVE;
				GCC_WARN_UNUSED_FUNCTION = YES;
				GCC_WARN_UNUSED_VARIABLE = YES;
				IPHONEOS_DEPLOYMENT_TARGET = 13.4;
				MTL_ENABLE_DEBUG_INFO = NO;
				MTL_FAST_MATH = YES;
				SDKROOT = iphoneos;
				SWIFT_COMPILATION_MODE = wholemodule;
				SWIFT_OPTIMIZATION_LEVEL = "-O";
				VALIDATE_PRODUCT = YES;
			};
			name = Release;
		};
		D1F68E882473E2B9004056EF /* Debug */ = {
			isa = XCBuildConfiguration;
			baseConfigurationReference = B2FD30C66E9D3D106BF1D988 /* Pods-leaders_99_project.debug.xcconfig */;
			buildSettings = {
				ASSETCATALOG_COMPILER_APPICON_NAME = AppIcon;
				CODE_SIGN_IDENTITY = "iPhone Distribution";
				CODE_SIGN_STYLE = Manual;
				CURRENT_PROJECT_VERSION = 1.0.4;
				DEVELOPMENT_TEAM = 2K446D59RQ;
				INFOPLIST_FILE = leaders_99_project/Info.plist;
				LD_RUNPATH_SEARCH_PATHS = (
					"$(inherited)",
					"@executable_path/Frameworks",
				);
				PRODUCT_BUNDLE_IDENTIFIER = "shibahara107.leaders-99-project";
				PRODUCT_NAME = "$(TARGET_NAME)";
				PROVISIONING_PROFILE_SPECIFIER = "L12YoshinoriShibahara-Distribution";
				SWIFT_VERSION = 5.0;
				TARGETED_DEVICE_FAMILY = 1;
			};
			name = Debug;
		};
		D1F68E892473E2B9004056EF /* Release */ = {
			isa = XCBuildConfiguration;
			baseConfigurationReference = E47C7A84DE3A22396D227699 /* Pods-leaders_99_project.release.xcconfig */;
			buildSettings = {
				ASSETCATALOG_COMPILER_APPICON_NAME = AppIcon;
				CODE_SIGN_IDENTITY = "iPhone Distribution";
				CODE_SIGN_STYLE = Manual;
				CURRENT_PROJECT_VERSION = 1.0.4;
				DEVELOPMENT_TEAM = 2K446D59RQ;
				INFOPLIST_FILE = leaders_99_project/Info.plist;
				LD_RUNPATH_SEARCH_PATHS = (
					"$(inherited)",
					"@executable_path/Frameworks",
				);
				PRODUCT_BUNDLE_IDENTIFIER = "shibahara107.leaders-99-project";
				PRODUCT_NAME = "$(TARGET_NAME)";
				PROVISIONING_PROFILE_SPECIFIER = "L12YoshinoriShibahara-Distribution";
				SWIFT_VERSION = 5.0;
				TARGETED_DEVICE_FAMILY = 1;
			};
			name = Release;
		};
		D1F68E8B2473E2B9004056EF /* Debug */ = {
			isa = XCBuildConfiguration;
			baseConfigurationReference = 7754840CE17CA2749A1BE36B /* Pods-leaders_99_projectTests.debug.xcconfig */;
			buildSettings = {
				ALWAYS_EMBED_SWIFT_STANDARD_LIBRARIES = YES;
				BUNDLE_LOADER = "$(TEST_HOST)";
				CODE_SIGN_STYLE = Automatic;
				DEVELOPMENT_TEAM = 4U939MWC6G;
				INFOPLIST_FILE = leaders_99_projectTests/Info.plist;
				IPHONEOS_DEPLOYMENT_TARGET = 13.4;
				LD_RUNPATH_SEARCH_PATHS = (
					"$(inherited)",
					"@executable_path/Frameworks",
					"@loader_path/Frameworks",
				);
				PRODUCT_BUNDLE_IDENTIFIER = "shibahara107.leaders-99-projectTests";
				PRODUCT_NAME = "$(TARGET_NAME)";
				SWIFT_VERSION = 5.0;
				TARGETED_DEVICE_FAMILY = "1,2";
				TEST_HOST = "$(BUILT_PRODUCTS_DIR)/leaders_99_project.app/leaders_99_project";
			};
			name = Debug;
		};
		D1F68E8C2473E2B9004056EF /* Release */ = {
			isa = XCBuildConfiguration;
			baseConfigurationReference = 220A8F7387EF23382B6403DB /* Pods-leaders_99_projectTests.release.xcconfig */;
			buildSettings = {
				ALWAYS_EMBED_SWIFT_STANDARD_LIBRARIES = YES;
				BUNDLE_LOADER = "$(TEST_HOST)";
				CODE_SIGN_STYLE = Automatic;
				DEVELOPMENT_TEAM = 4U939MWC6G;
				INFOPLIST_FILE = leaders_99_projectTests/Info.plist;
				IPHONEOS_DEPLOYMENT_TARGET = 13.4;
				LD_RUNPATH_SEARCH_PATHS = (
					"$(inherited)",
					"@executable_path/Frameworks",
					"@loader_path/Frameworks",
				);
				PRODUCT_BUNDLE_IDENTIFIER = "shibahara107.leaders-99-projectTests";
				PRODUCT_NAME = "$(TARGET_NAME)";
				SWIFT_VERSION = 5.0;
				TARGETED_DEVICE_FAMILY = "1,2";
				TEST_HOST = "$(BUILT_PRODUCTS_DIR)/leaders_99_project.app/leaders_99_project";
			};
			name = Release;
		};
		D1F68E8E2473E2B9004056EF /* Debug */ = {
			isa = XCBuildConfiguration;
			baseConfigurationReference = D14AB25EBDC1BC674B4EDB97 /* Pods-leaders_99_project-leaders_99_projectUITests.debug.xcconfig */;
			buildSettings = {
				ALWAYS_EMBED_SWIFT_STANDARD_LIBRARIES = YES;
				CODE_SIGN_STYLE = Automatic;
				DEVELOPMENT_TEAM = 4U939MWC6G;
				INFOPLIST_FILE = leaders_99_projectUITests/Info.plist;
				LD_RUNPATH_SEARCH_PATHS = (
					"$(inherited)",
					"@executable_path/Frameworks",
					"@loader_path/Frameworks",
				);
				PRODUCT_BUNDLE_IDENTIFIER = "shibahara107.leaders-99-projectUITests";
				PRODUCT_NAME = "$(TARGET_NAME)";
				SWIFT_VERSION = 5.0;
				TARGETED_DEVICE_FAMILY = "1,2";
				TEST_TARGET_NAME = leaders_99_project;
			};
			name = Debug;
		};
		D1F68E8F2473E2B9004056EF /* Release */ = {
			isa = XCBuildConfiguration;
			baseConfigurationReference = 0B9DB20226CABBD7302BED45 /* Pods-leaders_99_project-leaders_99_projectUITests.release.xcconfig */;
			buildSettings = {
				ALWAYS_EMBED_SWIFT_STANDARD_LIBRARIES = YES;
				CODE_SIGN_STYLE = Automatic;
				DEVELOPMENT_TEAM = 4U939MWC6G;
				INFOPLIST_FILE = leaders_99_projectUITests/Info.plist;
				LD_RUNPATH_SEARCH_PATHS = (
					"$(inherited)",
					"@executable_path/Frameworks",
					"@loader_path/Frameworks",
				);
				PRODUCT_BUNDLE_IDENTIFIER = "shibahara107.leaders-99-projectUITests";
				PRODUCT_NAME = "$(TARGET_NAME)";
				SWIFT_VERSION = 5.0;
				TARGETED_DEVICE_FAMILY = "1,2";
				TEST_TARGET_NAME = leaders_99_project;
			};
			name = Release;
		};
/* End XCBuildConfiguration section */

/* Begin XCConfigurationList section */
		D1F68E582473E2B6004056EF /* Build configuration list for PBXProject "leaders_99_project" */ = {
			isa = XCConfigurationList;
			buildConfigurations = (
				D1F68E852473E2B9004056EF /* Debug */,
				D1F68E862473E2B9004056EF /* Release */,
			);
			defaultConfigurationIsVisible = 0;
			defaultConfigurationName = Release;
		};
		D1F68E872473E2B9004056EF /* Build configuration list for PBXNativeTarget "leaders_99_project" */ = {
			isa = XCConfigurationList;
			buildConfigurations = (
				D1F68E882473E2B9004056EF /* Debug */,
				D1F68E892473E2B9004056EF /* Release */,
			);
			defaultConfigurationIsVisible = 0;
			defaultConfigurationName = Release;
		};
		D1F68E8A2473E2B9004056EF /* Build configuration list for PBXNativeTarget "leaders_99_projectTests" */ = {
			isa = XCConfigurationList;
			buildConfigurations = (
				D1F68E8B2473E2B9004056EF /* Debug */,
				D1F68E8C2473E2B9004056EF /* Release */,
			);
			defaultConfigurationIsVisible = 0;
			defaultConfigurationName = Release;
		};
		D1F68E8D2473E2B9004056EF /* Build configuration list for PBXNativeTarget "leaders_99_projectUITests" */ = {
			isa = XCConfigurationList;
			buildConfigurations = (
				D1F68E8E2473E2B9004056EF /* Debug */,
				D1F68E8F2473E2B9004056EF /* Release */,
			);
			defaultConfigurationIsVisible = 0;
			defaultConfigurationName = Release;
		};
/* End XCConfigurationList section */
	};
	rootObject = D1F68E552473E2B6004056EF /* Project object */;
}
